
Microsoft Visual Studio Solution File, Format Version 12.00
# Visual Studio 15
VisualStudioVersion = 15.0.28307.168
MinimumVisualStudioVersion = 10.0.40219.1
Project("{FAE04EC0-301F-11D3-BF4B-00C04F79EFBC}") = "FindString", "FindString\FindString.csproj", "{2E24A681-7F75-418F-9AE4-F25EB82F896D}"
EndProject
Global
	GlobalSection(SolutionConfigurationPlatforms) = preSolution
		Debug|Any CPU = Debug|Any CPU
		Release|Any CPU = Release|Any CPU
	EndGlobalSection
	GlobalSection(ProjectConfigurationPlatforms) = postSolution
		{2E24A681-7F75-418F-9AE4-F25EB82F896D}.Debug|Any CPU.ActiveCfg = Debug|Any CPU
		{2E24A681-7F75-418F-9AE4-F25EB82F896D}.Debug|Any CPU.Build.0 = Debug|Any CPU
		{2E24A681-7F75-418F-9AE4-F25EB82F896D}.Release|Any CPU.ActiveCfg = Release|Any CPU
		{2E24A681-7F75-418F-9AE4-F25EB82F896D}.Release|Any CPU.Build.0 = Release|Any CPU
	EndGlobalSection
	GlobalSection(SolutionProperties) = preSolution
		HideSolutionNode = FALSE
	EndGlobalSection
	GlobalSection(ExtensibilityGlobals) = postSolution
		SolutionGuid = {A956C4D8-049E-43F4-AA7F-0B5D31E8D55F}
	EndGlobalSection
EndGlobal
